// !$*UTF8*$!
{
	archiveVersion = 1;
	classes = {
	};
	objectVersion = 77;
	objects = {

/* Begin PBXBuildFile section */
		64B3535A2CDC9161004CC609 /* FirebaseAuth in Frameworks */ = {isa = PBXBuildFile; productRef = 64B353592CDC9161004CC609 /* FirebaseAuth */; };
		64B3535C2CDC9161004CC609 /* FirebaseFirestore in Frameworks */ = {isa = PBXBuildFile; productRef = 64B3535B2CDC9161004CC609 /* FirebaseFirestore */; };
/* End PBXBuildFile section */

/* Begin PBXContainerItemProxy section */
		AFADD6682CC904D800F68C89 /* PBXContainerItemProxy */ = {
			isa = PBXContainerItemProxy;
			containerPortal = AFADD64D2CC904D500F68C89 /* Project object */;
			proxyType = 1;
			remoteGlobalIDString = AFADD6542CC904D500F68C89;
			remoteInfo = "StorkCare+";
		};
		AFADD6722CC904D800F68C89 /* PBXContainerItemProxy */ = {
			isa = PBXContainerItemProxy;
			containerPortal = AFADD64D2CC904D500F68C89 /* Project object */;
			proxyType = 1;
			remoteGlobalIDString = AFADD6542CC904D500F68C89;
			remoteInfo = "StorkCare+";
		};
/* End PBXContainerItemProxy section */

/* Begin PBXFileReference section */
		AFADD6552CC904D500F68C89 /* StorkCare+.app */ = {isa = PBXFileReference; explicitFileType = wrapper.application; includeInIndex = 0; path = "StorkCare+.app"; sourceTree = BUILT_PRODUCTS_DIR; };
		AFADD6672CC904D800F68C89 /* StorkCare+Tests.xctest */ = {isa = PBXFileReference; explicitFileType = wrapper.cfbundle; includeInIndex = 0; path = "StorkCare+Tests.xctest"; sourceTree = BUILT_PRODUCTS_DIR; };
		AFADD6712CC904D800F68C89 /* StorkCare+UITests.xctest */ = {isa = PBXFileReference; explicitFileType = wrapper.cfbundle; includeInIndex = 0; path = "StorkCare+UITests.xctest"; sourceTree = BUILT_PRODUCTS_DIR; };
/* End PBXFileReference section */

/* Begin PBXFileSystemSynchronizedRootGroup section */
		AFADD6572CC904D500F68C89 /* StorkCare+ */ = {
			isa = PBXFileSystemSynchronizedRootGroup;
			path = "StorkCare+";
			sourceTree = "<group>";
		};
		AFADD66A2CC904D800F68C89 /* StorkCare+Tests */ = {
			isa = PBXFileSystemSynchronizedRootGroup;
			path = "StorkCare+Tests";
			sourceTree = "<group>";
		};
		AFADD6742CC904D800F68C89 /* StorkCare+UITests */ = {
			isa = PBXFileSystemSynchronizedRootGroup;
			path = "StorkCare+UITests";
			sourceTree = "<group>";
		};
/* End PBXFileSystemSynchronizedRootGroup section */

/* Begin PBXFrameworksBuildPhase section */
		AFADD6522CC904D500F68C89 /* Frameworks */ = {
			isa = PBXFrameworksBuildPhase;
			buildActionMask = 2147483647;
			files = (
				64B3535A2CDC9161004CC609 /* FirebaseAuth in Frameworks */,
				64B3535C2CDC9161004CC609 /* FirebaseFirestore in Frameworks */,
			);
			runOnlyForDeploymentPostprocessing = 0;
		};
		AFADD6642CC904D700F68C89 /* Frameworks */ = {
			isa = PBXFrameworksBuildPhase;
			buildActionMask = 2147483647;
			files = (
			);
			runOnlyForDeploymentPostprocessing = 0;
		};
		AFADD66E2CC904D800F68C89 /* Frameworks */ = {
			isa = PBXFrameworksBuildPhase;
			buildActionMask = 2147483647;
			files = (
			);
			runOnlyForDeploymentPostprocessing = 0;
		};
/* End PBXFrameworksBuildPhase section */

/* Begin PBXGroup section */
		AFADD64C2CC904D500F68C89 = {
			isa = PBXGroup;
			children = (
				AFADD6572CC904D500F68C89 /* StorkCare+ */,
				AFADD66A2CC904D800F68C89 /* StorkCare+Tests */,
				AFADD6742CC904D800F68C89 /* StorkCare+UITests */,
				AFADD6562CC904D500F68C89 /* Products */,
			);
			sourceTree = "<group>";
		};
		AFADD6562CC904D500F68C89 /* Products */ = {
			isa = PBXGroup;
			children = (
				AFADD6552CC904D500F68C89 /* StorkCare+.app */,
				AFADD6672CC904D800F68C89 /* StorkCare+Tests.xctest */,
				AFADD6712CC904D800F68C89 /* StorkCare+UITests.xctest */,
			);
			name = Products;
			sourceTree = "<group>";
		};
/* End PBXGroup section */

/* Begin PBXNativeTarget section */
		AFADD6542CC904D500F68C89 /* StorkCare+ */ = {
			isa = PBXNativeTarget;
			buildConfigurationList = AFADD67B2CC904D800F68C89 /* Build configuration list for PBXNativeTarget "StorkCare+" */;
			buildPhases = (
				AFADD6512CC904D500F68C89 /* Sources */,
				AFADD6522CC904D500F68C89 /* Frameworks */,
				AFADD6532CC904D500F68C89 /* Resources */,
			);
			buildRules = (
			);
			dependencies = (
			);
			fileSystemSynchronizedGroups = (
				AFADD6572CC904D500F68C89 /* StorkCare+ */,
			);
			name = "StorkCare+";
			packageProductDependencies = (
				64B353592CDC9161004CC609 /* FirebaseAuth */,
				64B3535B2CDC9161004CC609 /* FirebaseFirestore */,
			);
			productName = "StorkCare+";
			productReference = AFADD6552CC904D500F68C89 /* StorkCare+.app */;
			productType = "com.apple.product-type.application";
		};
		AFADD6662CC904D700F68C89 /* StorkCare+Tests */ = {
			isa = PBXNativeTarget;
			buildConfigurationList = AFADD67E2CC904D800F68C89 /* Build configuration list for PBXNativeTarget "StorkCare+Tests" */;
			buildPhases = (
				AFADD6632CC904D700F68C89 /* Sources */,
				AFADD6642CC904D700F68C89 /* Frameworks */,
				AFADD6652CC904D700F68C89 /* Resources */,
			);
			buildRules = (
			);
			dependencies = (
				AFADD6692CC904D800F68C89 /* PBXTargetDependency */,
			);
			fileSystemSynchronizedGroups = (
				AFADD66A2CC904D800F68C89 /* StorkCare+Tests */,
			);
			name = "StorkCare+Tests";
			packageProductDependencies = (
			);
			productName = "StorkCare+Tests";
			productReference = AFADD6672CC904D800F68C89 /* StorkCare+Tests.xctest */;
			productType = "com.apple.product-type.bundle.unit-test";
		};
		AFADD6702CC904D800F68C89 /* StorkCare+UITests */ = {
			isa = PBXNativeTarget;
			buildConfigurationList = AFADD6812CC904D800F68C89 /* Build configuration list for PBXNativeTarget "StorkCare+UITests" */;
			buildPhases = (
				AFADD66D2CC904D800F68C89 /* Sources */,
				AFADD66E2CC904D800F68C89 /* Frameworks */,
				AFADD66F2CC904D800F68C89 /* Resources */,
			);
			buildRules = (
			);
			dependencies = (
				AFADD6732CC904D800F68C89 /* PBXTargetDependency */,
			);
			fileSystemSynchronizedGroups = (
				AFADD6742CC904D800F68C89 /* StorkCare+UITests */,
			);
			name = "StorkCare+UITests";
			packageProductDependencies = (
			);
			productName = "StorkCare+UITests";
			productReference = AFADD6712CC904D800F68C89 /* StorkCare+UITests.xctest */;
			productType = "com.apple.product-type.bundle.ui-testing";
		};
/* End PBXNativeTarget section */

/* Begin PBXProject section */
		AFADD64D2CC904D500F68C89 /* Project object */ = {
			isa = PBXProject;
			attributes = {
				BuildIndependentTargetsInParallel = 1;
				LastSwiftUpdateCheck = 1600;
				LastUpgradeCheck = 1600;
				TargetAttributes = {
					AFADD6542CC904D500F68C89 = {
						CreatedOnToolsVersion = 16.0;
					};
					AFADD6662CC904D700F68C89 = {
						CreatedOnToolsVersion = 16.0;
						TestTargetID = AFADD6542CC904D500F68C89;
					};
					AFADD6702CC904D800F68C89 = {
						CreatedOnToolsVersion = 16.0;
						TestTargetID = AFADD6542CC904D500F68C89;
					};
				};
			};
			buildConfigurationList = AFADD6502CC904D500F68C89 /* Build configuration list for PBXProject "StorkCare+" */;
			developmentRegion = en;
			hasScannedForEncodings = 0;
			knownRegions = (
				en,
				Base,
			);
			mainGroup = AFADD64C2CC904D500F68C89;
			minimizedProjectReferenceProxies = 1;
			packageReferences = (
				AFA16B262CD2594900BC8383 /* XCRemoteSwiftPackageReference "SQLite" */,
				64B353582CDC9161004CC609 /* XCRemoteSwiftPackageReference "firebase-ios-sdk" */,
			);
			preferredProjectObjectVersion = 77;
			productRefGroup = AFADD6562CC904D500F68C89 /* Products */;
			projectDirPath = "";
			projectRoot = "";
			targets = (
				AFADD6542CC904D500F68C89 /* StorkCare+ */,
				AFADD6662CC904D700F68C89 /* StorkCare+Tests */,
				AFADD6702CC904D800F68C89 /* StorkCare+UITests */,
			);
		};
/* End PBXProject section */

/* Begin PBXResourcesBuildPhase section */
		AFADD6532CC904D500F68C89 /* Resources */ = {
			isa = PBXResourcesBuildPhase;
			buildActionMask = 2147483647;
			files = (
			);
			runOnlyForDeploymentPostprocessing = 0;
		};
		AFADD6652CC904D700F68C89 /* Resources */ = {
			isa = PBXResourcesBuildPhase;
			buildActionMask = 2147483647;
			files = (
			);
			runOnlyForDeploymentPostprocessing = 0;
		};
		AFADD66F2CC904D800F68C89 /* Resources */ = {
			isa = PBXResourcesBuildPhase;
			buildActionMask = 2147483647;
			files = (
			);
			runOnlyForDeploymentPostprocessing = 0;
		};
/* End PBXResourcesBuildPhase section */

/* Begin PBXSourcesBuildPhase section */
		AFADD6512CC904D500F68C89 /* Sources */ = {
			isa = PBXSourcesBuildPhase;
			buildActionMask = 2147483647;
			files = (
			);
			runOnlyForDeploymentPostprocessing = 0;
		};
		AFADD6632CC904D700F68C89 /* Sources */ = {
			isa = PBXSourcesBuildPhase;
			buildActionMask = 2147483647;
			files = (
			);
			runOnlyForDeploymentPostprocessing = 0;
		};
		AFADD66D2CC904D800F68C89 /* Sources */ = {
			isa = PBXSourcesBuildPhase;
			buildActionMask = 2147483647;
			files = (
			);
			runOnlyForDeploymentPostprocessing = 0;
		};
/* End PBXSourcesBuildPhase section */

/* Begin PBXTargetDependency section */
		AFADD6692CC904D800F68C89 /* PBXTargetDependency */ = {
			isa = PBXTargetDependency;
			target = AFADD6542CC904D500F68C89 /* StorkCare+ */;
			targetProxy = AFADD6682CC904D800F68C89 /* PBXContainerItemProxy */;
		};
		AFADD6732CC904D800F68C89 /* PBXTargetDependency */ = {
			isa = PBXTargetDependency;
			target = AFADD6542CC904D500F68C89 /* StorkCare+ */;
			targetProxy = AFADD6722CC904D800F68C89 /* PBXContainerItemProxy */;
		};
/* End PBXTargetDependency section */

/* Begin XCBuildConfiguration section */
		AFADD6792CC904D800F68C89 /* Debug */ = {
			isa = XCBuildConfiguration;
			buildSettings = {
				ALWAYS_SEARCH_USER_PATHS = NO;
				ASSETCATALOG_COMPILER_GENERATE_SWIFT_ASSET_SYMBOL_EXTENSIONS = YES;
				CLANG_ANALYZER_NONNULL = YES;
				CLANG_ANALYZER_NUMBER_OBJECT_CONVERSION = YES_AGGRESSIVE;
				CLANG_CXX_LANGUAGE_STANDARD = "gnu++20";
				CLANG_ENABLE_MODULES = YES;
				CLANG_ENABLE_OBJC_ARC = YES;
				CLANG_ENABLE_OBJC_WEAK = YES;
				CLANG_WARN_BLOCK_CAPTURE_AUTORELEASING = YES;
				CLANG_WARN_BOOL_CONVERSION = YES;
				CLANG_WARN_COMMA = YES;
				CLANG_WARN_CONSTANT_CONVERSION = YES;
				CLANG_WARN_DEPRECATED_OBJC_IMPLEMENTATIONS = YES;
				CLANG_WARN_DIRECT_OBJC_ISA_USAGE = YES_ERROR;
				CLANG_WARN_DOCUMENTATION_COMMENTS = YES;
				CLANG_WARN_EMPTY_BODY = YES;
				CLANG_WARN_ENUM_CONVERSION = YES;
				CLANG_WARN_INFINITE_RECURSION = YES;
				CLANG_WARN_INT_CONVERSION = YES;
				CLANG_WARN_NON_LITERAL_NULL_CONVERSION = YES;
				CLANG_WARN_OBJC_IMPLICIT_RETAIN_SELF = YES;
				CLANG_WARN_OBJC_LITERAL_CONVERSION = YES;
				CLANG_WARN_OBJC_ROOT_CLASS = YES_ERROR;
				CLANG_WARN_QUOTED_INCLUDE_IN_FRAMEWORK_HEADER = YES;
				CLANG_WARN_RANGE_LOOP_ANALYSIS = YES;
				CLANG_WARN_STRICT_PROTOTYPES = YES;
				CLANG_WARN_SUSPICIOUS_MOVE = YES;
				CLANG_WARN_UNGUARDED_AVAILABILITY = YES_AGGRESSIVE;
				CLANG_WARN_UNREACHABLE_CODE = YES;
				CLANG_WARN__DUPLICATE_METHOD_MATCH = YES;
				COPY_PHASE_STRIP = NO;
				DEBUG_INFORMATION_FORMAT = dwarf;
				ENABLE_STRICT_OBJC_MSGSEND = YES;
				ENABLE_TESTABILITY = YES;
				ENABLE_USER_SCRIPT_SANDBOXING = YES;
				GCC_C_LANGUAGE_STANDARD = gnu17;
				GCC_DYNAMIC_NO_PIC = NO;
				GCC_NO_COMMON_BLOCKS = YES;
				GCC_OPTIMIZATION_LEVEL = 0;
				GCC_PREPROCESSOR_DEFINITIONS = (
					"DEBUG=1",
					"$(inherited)",
				);
				GCC_WARN_64_TO_32_BIT_CONVERSION = YES;
				GCC_WARN_ABOUT_RETURN_TYPE = YES_ERROR;
				GCC_WARN_UNDECLARED_SELECTOR = YES;
				GCC_WARN_UNINITIALIZED_AUTOS = YES_AGGRESSIVE;
				GCC_WARN_UNUSED_FUNCTION = YES;
				GCC_WARN_UNUSED_VARIABLE = YES;
				IPHONEOS_DEPLOYMENT_TARGET = 18.0;
				LOCALIZATION_PREFERS_STRING_CATALOGS = YES;
				MTL_ENABLE_DEBUG_INFO = INCLUDE_SOURCE;
				MTL_FAST_MATH = YES;
				ONLY_ACTIVE_ARCH = YES;
				SDKROOT = iphoneos;
				SWIFT_ACTIVE_COMPILATION_CONDITIONS = "DEBUG $(inherited)";
				SWIFT_OPTIMIZATION_LEVEL = "-Onone";
			};
			name = Debug;
		};
		AFADD67A2CC904D800F68C89 /* Release */ = {
			isa = XCBuildConfiguration;
			buildSettings = {
				ALWAYS_SEARCH_USER_PATHS = NO;
				ASSETCATALOG_COMPILER_GENERATE_SWIFT_ASSET_SYMBOL_EXTENSIONS = YES;
				CLANG_ANALYZER_NONNULL = YES;
				CLANG_ANALYZER_NUMBER_OBJECT_CONVERSION = YES_AGGRESSIVE;
				CLANG_CXX_LANGUAGE_STANDARD = "gnu++20";
				CLANG_ENABLE_MODULES = YES;
				CLANG_ENABLE_OBJC_ARC = YES;
				CLANG_ENABLE_OBJC_WEAK = YES;
				CLANG_WARN_BLOCK_CAPTURE_AUTORELEASING = YES;
				CLANG_WARN_BOOL_CONVERSION = YES;
				CLANG_WARN_COMMA = YES;
				CLANG_WARN_CONSTANT_CONVERSION = YES;
				CLANG_WARN_DEPRECATED_OBJC_IMPLEMENTATIONS = YES;
				CLANG_WARN_DIRECT_OBJC_ISA_USAGE = YES_ERROR;
				CLANG_WARN_DOCUMENTATION_COMMENTS = YES;
				CLANG_WARN_EMPTY_BODY = YES;
				CLANG_WARN_ENUM_CONVERSION = YES;
				CLANG_WARN_INFINITE_RECURSION = YES;
				CLANG_WARN_INT_CONVERSION = YES;
				CLANG_WARN_NON_LITERAL_NULL_CONVERSION = YES;
				CLANG_WARN_OBJC_IMPLICIT_RETAIN_SELF = YES;
				CLANG_WARN_OBJC_LITERAL_CONVERSION = YES;
				CLANG_WARN_OBJC_ROOT_CLASS = YES_ERROR;
				CLANG_WARN_QUOTED_INCLUDE_IN_FRAMEWORK_HEADER = YES;
				CLANG_WARN_RANGE_LOOP_ANALYSIS = YES;
				CLANG_WARN_STRICT_PROTOTYPES = YES;
				CLANG_WARN_SUSPICIOUS_MOVE = YES;
				CLANG_WARN_UNGUARDED_AVAILABILITY = YES_AGGRESSIVE;
				CLANG_WARN_UNREACHABLE_CODE = YES;
				CLANG_WARN__DUPLICATE_METHOD_MATCH = YES;
				COPY_PHASE_STRIP = NO;
				DEBUG_INFORMATION_FORMAT = "dwarf-with-dsym";
				ENABLE_NS_ASSERTIONS = NO;
				ENABLE_STRICT_OBJC_MSGSEND = YES;
				ENABLE_USER_SCRIPT_SANDBOXING = YES;
				GCC_C_LANGUAGE_STANDARD = gnu17;
				GCC_NO_COMMON_BLOCKS = YES;
				GCC_WARN_64_TO_32_BIT_CONVERSION = YES;
				GCC_WARN_ABOUT_RETURN_TYPE = YES_ERROR;
				GCC_WARN_UNDECLARED_SELECTOR = YES;
				GCC_WARN_UNINITIALIZED_AUTOS = YES_AGGRESSIVE;
				GCC_WARN_UNUSED_FUNCTION = YES;
				GCC_WARN_UNUSED_VARIABLE = YES;
				IPHONEOS_DEPLOYMENT_TARGET = 18.0;
				LOCALIZATION_PREFERS_STRING_CATALOGS = YES;
				MTL_ENABLE_DEBUG_INFO = NO;
				MTL_FAST_MATH = YES;
				SDKROOT = iphoneos;
				SWIFT_COMPILATION_MODE = wholemodule;
				VALIDATE_PRODUCT = YES;
			};
			name = Release;
		};
		AFADD67C2CC904D800F68C89 /* Debug */ = {
			isa = XCBuildConfiguration;
			buildSettings = {
				ASSETCATALOG_COMPILER_APPICON_NAME = AppIcon;
				ASSETCATALOG_COMPILER_GLOBAL_ACCENT_COLOR_NAME = AccentColor;
				CODE_SIGN_STYLE = Automatic;
				CURRENT_PROJECT_VERSION = 1;
				DEVELOPMENT_ASSET_PATHS = "\"StorkCare+/Preview Content\"";
				ENABLE_PREVIEWS = YES;
				GENERATE_INFOPLIST_FILE = YES;
				INFOPLIST_KEY_UIApplicationSceneManifest_Generation = YES;
				INFOPLIST_KEY_UIApplicationSupportsIndirectInputEvents = YES;
				INFOPLIST_KEY_UILaunchScreen_Generation = YES;
				INFOPLIST_KEY_UISupportedInterfaceOrientations_iPad = "UIInterfaceOrientationPortrait UIInterfaceOrientationPortraitUpsideDown UIInterfaceOrientationLandscapeLeft UIInterfaceOrientationLandscapeRight";
				INFOPLIST_KEY_UISupportedInterfaceOrientations_iPhone = "UIInterfaceOrientationPortrait UIInterfaceOrientationLandscapeLeft UIInterfaceOrientationLandscapeRight";
				LD_RUNPATH_SEARCH_PATHS = (
					"$(inherited)",
					"@executable_path/Frameworks",
				);
				MARKETING_VERSION = 1.0;
				PRODUCT_BUNDLE_IDENTIFIER = "SWEFA24.StorkCare-";
				PRODUCT_NAME = "$(TARGET_NAME)";
				SWIFT_EMIT_LOC_STRINGS = YES;
				SWIFT_VERSION = 5.0;
				TARGETED_DEVICE_FAMILY = "1,2";
			};
			name = Debug;
		};
		AFADD67D2CC904D800F68C89 /* Release */ = {
			isa = XCBuildConfiguration;
			buildSettings = {
				ASSETCATALOG_COMPILER_APPICON_NAME = AppIcon;
				ASSETCATALOG_COMPILER_GLOBAL_ACCENT_COLOR_NAME = AccentColor;
				CODE_SIGN_STYLE = Automatic;
				CURRENT_PROJECT_VERSION = 1;
				DEVELOPMENT_ASSET_PATHS = "\"StorkCare+/Preview Content\"";
				ENABLE_PREVIEWS = YES;
				GENERATE_INFOPLIST_FILE = YES;
				INFOPLIST_KEY_UIApplicationSceneManifest_Generation = YES;
				INFOPLIST_KEY_UIApplicationSupportsIndirectInputEvents = YES;
				INFOPLIST_KEY_UILaunchScreen_Generation = YES;
				INFOPLIST_KEY_UISupportedInterfaceOrientations_iPad = "UIInterfaceOrientationPortrait UIInterfaceOrientationPortraitUpsideDown UIInterfaceOrientationLandscapeLeft UIInterfaceOrientationLandscapeRight";
				INFOPLIST_KEY_UISupportedInterfaceOrientations_iPhone = "UIInterfaceOrientationPortrait UIInterfaceOrientationLandscapeLeft UIInterfaceOrientationLandscapeRight";
				LD_RUNPATH_SEARCH_PATHS = (
					"$(inherited)",
					"@executable_path/Frameworks",
				);
				MARKETING_VERSION = 1.0;
				PRODUCT_BUNDLE_IDENTIFIER = "SWEFA24.StorkCare-";
				PRODUCT_NAME = "$(TARGET_NAME)";
				SWIFT_EMIT_LOC_STRINGS = YES;
				SWIFT_VERSION = 5.0;
				TARGETED_DEVICE_FAMILY = "1,2";
			};
			name = Release;
		};
		AFADD67F2CC904D800F68C89 /* Debug */ = {
			isa = XCBuildConfiguration;
			buildSettings = {
				BUNDLE_LOADER = "$(TEST_HOST)";
				CODE_SIGN_STYLE = Automatic;
				CURRENT_PROJECT_VERSION = 1;
				GENERATE_INFOPLIST_FILE = YES;
				IPHONEOS_DEPLOYMENT_TARGET = 18.0;
				MARKETING_VERSION = 1.0;
				PRODUCT_BUNDLE_IDENTIFIER = "SWEFA24.StorkCare-Tests";
				PRODUCT_NAME = "$(TARGET_NAME)";
				SWIFT_EMIT_LOC_STRINGS = NO;
				SWIFT_VERSION = 5.0;
				TARGETED_DEVICE_FAMILY = "1,2";
				TEST_HOST = "$(BUILT_PRODUCTS_DIR)/StorkCare+.app/$(BUNDLE_EXECUTABLE_FOLDER_PATH)/StorkCare+";
			};
			name = Debug;
		};
		AFADD6802CC904D800F68C89 /* Release */ = {
			isa = XCBuildConfiguration;
			buildSettings = {
				BUNDLE_LOADER = "$(TEST_HOST)";
				CODE_SIGN_STYLE = Automatic;
				CURRENT_PROJECT_VERSION = 1;
				GENERATE_INFOPLIST_FILE = YES;
				IPHONEOS_DEPLOYMENT_TARGET = 18.0;
				MARKETING_VERSION = 1.0;
				PRODUCT_BUNDLE_IDENTIFIER = "SWEFA24.StorkCare-Tests";
				PRODUCT_NAME = "$(TARGET_NAME)";
				SWIFT_EMIT_LOC_STRINGS = NO;
				SWIFT_VERSION = 5.0;
				TARGETED_DEVICE_FAMILY = "1,2";
				TEST_HOST = "$(BUILT_PRODUCTS_DIR)/StorkCare+.app/$(BUNDLE_EXECUTABLE_FOLDER_PATH)/StorkCare+";
			};
			name = Release;
		};
		AFADD6822CC904D800F68C89 /* Debug */ = {
			isa = XCBuildConfiguration;
			buildSettings = {
				CODE_SIGN_STYLE = Automatic;
				CURRENT_PROJECT_VERSION = 1;
				GENERATE_INFOPLIST_FILE = YES;
				MARKETING_VERSION = 1.0;
				PRODUCT_BUNDLE_IDENTIFIER = "SWEFA24.StorkCare-UITests";
				PRODUCT_NAME = "$(TARGET_NAME)";
				SWIFT_EMIT_LOC_STRINGS = NO;
				SWIFT_VERSION = 5.0;
				TARGETED_DEVICE_FAMILY = "1,2";
				TEST_TARGET_NAME = "StorkCare+";
			};
			name = Debug;
		};
		AFADD6832CC904D800F68C89 /* Release */ = {
			isa = XCBuildConfiguration;
			buildSettings = {
				CODE_SIGN_STYLE = Automatic;
				CURRENT_PROJECT_VERSION = 1;
				GENERATE_INFOPLIST_FILE = YES;
				MARKETING_VERSION = 1.0;
				PRODUCT_BUNDLE_IDENTIFIER = "SWEFA24.StorkCare-UITests";
				PRODUCT_NAME = "$(TARGET_NAME)";
				SWIFT_EMIT_LOC_STRINGS = NO;
				SWIFT_VERSION = 5.0;
				TARGETED_DEVICE_FAMILY = "1,2";
				TEST_TARGET_NAME = "StorkCare+";
			};
			name = Release;
		};
/* End XCBuildConfiguration section */

/* Begin XCConfigurationList section */
		AFADD6502CC904D500F68C89 /* Build configuration list for PBXProject "StorkCare+" */ = {
			isa = XCConfigurationList;
			buildConfigurations = (
				AFADD6792CC904D800F68C89 /* Debug */,
				AFADD67A2CC904D800F68C89 /* Release */,
			);
			defaultConfigurationIsVisible = 0;
			defaultConfigurationName = Release;
		};
		AFADD67B2CC904D800F68C89 /* Build configuration list for PBXNativeTarget "StorkCare+" */ = {
			isa = XCConfigurationList;
			buildConfigurations = (
				AFADD67C2CC904D800F68C89 /* Debug */,
				AFADD67D2CC904D800F68C89 /* Release */,
			);
			defaultConfigurationIsVisible = 0;
			defaultConfigurationName = Release;
		};
		AFADD67E2CC904D800F68C89 /* Build configuration list for PBXNativeTarget "StorkCare+Tests" */ = {
			isa = XCConfigurationList;
			buildConfigurations = (
				AFADD67F2CC904D800F68C89 /* Debug */,
				AFADD6802CC904D800F68C89 /* Release */,
			);
			defaultConfigurationIsVisible = 0;
			defaultConfigurationName = Release;
		};
		AFADD6812CC904D800F68C89 /* Build configuration list for PBXNativeTarget "StorkCare+UITests" */ = {
			isa = XCConfigurationList;
			buildConfigurations = (
				AFADD6822CC904D800F68C89 /* Debug */,
				AFADD6832CC904D800F68C89 /* Release */,
			);
			defaultConfigurationIsVisible = 0;
			defaultConfigurationName = Release;
		};
/* End XCConfigurationList section */

/* Begin XCRemoteSwiftPackageReference section */
		64B353582CDC9161004CC609 /* XCRemoteSwiftPackageReference "firebase-ios-sdk" */ = {
			isa = XCRemoteSwiftPackageReference;
			repositoryURL = "https://github.com/firebase/firebase-ios-sdk";
			requirement = {
				kind = upToNextMajorVersion;
				minimumVersion = 11.4.0;
			};
		};
		AFA16B262CD2594900BC8383 /* XCRemoteSwiftPackageReference "SQLite" */ = {
			isa = XCRemoteSwiftPackageReference;
			repositoryURL = "https://github.com/stephencelis/SQLite.swift";
			requirement = {
				kind = upToNextMajorVersion;
				minimumVersion = 0.15.3;
			};
		};
/* End XCRemoteSwiftPackageReference section */

/* Begin XCSwiftPackageProductDependency section */
		64B353592CDC9161004CC609 /* FirebaseAuth */ = {
			isa = XCSwiftPackageProductDependency;
			package = 64B353582CDC9161004CC609 /* XCRemoteSwiftPackageReference "firebase-ios-sdk" */;
			productName = FirebaseAuth;
		};
		64B3535B2CDC9161004CC609 /* FirebaseFirestore */ = {
			isa = XCSwiftPackageProductDependency;
			package = 64B353582CDC9161004CC609 /* XCRemoteSwiftPackageReference "firebase-ios-sdk" */;
			productName = FirebaseFirestore;
		};
/* End XCSwiftPackageProductDependency section */
	};
	rootObject = AFADD64D2CC904D500F68C89 /* Project object */;
}
